PODS:
  - app_links (1.0.0):
    - FlutterMacOS
  - desktop_drop (0.0.1):
    - FlutterMacOS
  - FlutterMacOS (1.0.0)
  - path_provider_macos (0.0.1):
    - FlutterMacOS
  - shared_preferences_foundation (0.0.1):
    - Flutter
    - FlutterMacOS
  - url_launcher_macos (0.0.1):
    - FlutterMacOS

DEPENDENCIES:
  - app_links (from `Flutter/ephemeral/.symlinks/plugins/app_links/macos`)
  - desktop_drop (from `Flutter/ephemeral/.symlinks/plugins/desktop_drop/macos`)
  - FlutterMacOS (from `Flutter/ephemeral`)
  - path_provider_macos (from `Flutter/ephemeral/.symlinks/plugins/path_provider_macos/macos`)
  - shared_preferences_foundation (from `Flutter/ephemeral/.symlinks/plugins/shared_preferences_foundation/macos`)
  - url_launcher_macos (from `Flutter/ephemeral/.symlinks/plugins/url_launcher_macos/macos`)

EXTERNAL SOURCES:
  app_links:
    :path: Flutter/ephemeral/.symlinks/plugins/app_links/macos
  desktop_drop:
    :path: Flutter/ephemeral/.symlinks/plugins/desktop_drop/macos
  FlutterMacOS:
    :path: Flutter/ephemeral
  path_provider_macos:
    :path: Flutter/ephemeral/.symlinks/plugins/path_provider_macos/macos
  shared_preferences_foundation:
    :path: Flutter/ephemeral/.symlinks/plugins/shared_preferences_foundation/macos
  url_launcher_macos:
    :path: Flutter/ephemeral/.symlinks/plugins/url_launcher_macos/macos

SPEC CHECKSUMS:
  app_links: 4481ed4d71f384b0c3ae5016f4633aa73d32ff67
  desktop_drop: 69eeff437544aa619c8db7f4481b3a65f7696898
  FlutterMacOS: ae6af50a8ea7d6103d888583d46bd8328a7e9811
  path_provider_macos: 05fb0ef0cedf3e5bd179b9e41a638682b37133ea
  shared_preferences_foundation: 297b3ebca31b34ec92be11acd7fb0ba932c822ca
  url_launcher_macos: c04e4fa86382d4f94f6b38f14625708be3ae52e2

PODFILE CHECKSUM: a884f6dd3f7494f3892ee6c81feea3a3abbf9153

COCOAPODS: 1.11.3
